
Microsoft Visual Studio Solution File, Format Version 12.00
# Visual Studio Version 17
VisualStudioVersion = 17.5.33530.505
MinimumVisualStudioVersion = 10.0.40219.1
Project("{FAE04EC0-301F-11D3-BF4B-00C04F79EFBC}") = "RabbitMQ.Publisher", "RabbitMQ.Publisher\RabbitMQ.Publisher.csproj", "{B6AD8A2B-1A1B-47DB-AAD8-106AAA7B4BFB}"
EndProject
Global
	GlobalSection(SolutionConfigurationPlatforms) = preSolution
		Debug|Any CPU = Debug|Any CPU
		Release|Any CPU = Release|Any CPU
	EndGlobalSection
	GlobalSection(ProjectConfigurationPlatforms) = postSolution
		{B6AD8A2B-1A1B-47DB-AAD8-106AAA7B4BFB}.Debug|Any CPU.ActiveCfg = Debug|Any CPU
		{B6AD8A2B-1A1B-47DB-AAD8-106AAA7B4BFB}.Debug|Any CPU.Build.0 = Debug|Any CPU
		{B6AD8A2B-1A1B-47DB-AAD8-106AAA7B4BFB}.Release|Any CPU.ActiveCfg = Release|Any CPU
		{B6AD8A2B-1A1B-47DB-AAD8-106AAA7B4BFB}.Release|Any CPU.Build.0 = Release|Any CPU
	EndGlobalSection
	GlobalSection(SolutionProperties) = preSolution
		HideSolutionNode = FALSE
	EndGlobalSection
	GlobalSection(ExtensibilityGlobals) = postSolution
		SolutionGuid = {B5BD7266-0CD9-4756-AE6B-ED0C5395FFBB}
	EndGlobalSection
EndGlobal
